
Microsoft Visual Studio Solution File, Format Version 12.00
# Visual Studio Version 16
VisualStudioVersion = 16.0.30330.147
MinimumVisualStudioVersion = 10.0.40219.1
Project("{2150E333-8FDC-42A3-9474-1A3956D46DE8}") = "Solution Items", "Solution Items", "{E36DC11B-5025-4716-869A-DB7FC5ABE20D}"
	ProjectSection(SolutionItems) = preProject
		README.md = README.md
	EndProjectSection
EndProject
Project("{FAE04EC0-301F-11D3-BF4B-00C04F79EFBC}") = "dynamicpdf-csharp-examples", "dynamicpdf-csharp-examples\dynamicpdf-csharp-examples.csproj", "{4959FE24-4C13-4832-BD4A-4F3FE8F45805}"
EndProject
Project("{F184B08F-C81C-45F6-A57F-5ABD9991F28F}") = "dynamicpdf-vbnet-examples", "dynamicpdf-vbnet-examples\dynamicpdf-vbnet-examples.vbproj", "{B15AFD04-7228-4A2F-B837-40FAF05EF818}"
EndProject
Global
	GlobalSection(SolutionConfigurationPlatforms) = preSolution
		Debug|Any CPU = Debug|Any CPU
		Release|Any CPU = Release|Any CPU
	EndGlobalSection
	GlobalSection(ProjectConfigurationPlatforms) = postSolution
		{4959FE24-4C13-4832-BD4A-4F3FE8F45805}.Debug|Any CPU.ActiveCfg = Debug|Any CPU
		{4959FE24-4C13-4832-BD4A-4F3FE8F45805}.Debug|Any CPU.Build.0 = Debug|Any CPU
		{4959FE24-4C13-4832-BD4A-4F3FE8F45805}.Release|Any CPU.ActiveCfg = Release|Any CPU
		{4959FE24-4C13-4832-BD4A-4F3FE8F45805}.Release|Any CPU.Build.0 = Release|Any CPU
		{B15AFD04-7228-4A2F-B837-40FAF05EF818}.Debug|Any CPU.ActiveCfg = Debug|Any CPU
		{B15AFD04-7228-4A2F-B837-40FAF05EF818}.Debug|Any CPU.Build.0 = Debug|Any CPU
		{B15AFD04-7228-4A2F-B837-40FAF05EF818}.Release|Any CPU.ActiveCfg = Release|Any CPU
		{B15AFD04-7228-4A2F-B837-40FAF05EF818}.Release|Any CPU.Build.0 = Release|Any CPU
	EndGlobalSection
	GlobalSection(SolutionProperties) = preSolution
		HideSolutionNode = FALSE
	EndGlobalSection
	GlobalSection(ExtensibilityGlobals) = postSolution
		SolutionGuid = {D3CA5F65-A548-4C50-A0DD-131B46D59E06}
	EndGlobalSection
EndGlobal
